
Microsoft Visual Studio Solution File, Format Version 11.00
# Visual Studio 2010
Project("{FAE04EC0-301F-11D3-BF4B-00C04F79EFBC}") = "HelloService", "HelloService\HelloService.csproj", "{46519A05-B1CC-48D7-8517-49BB12159613}"
EndProject
Project("{FAE04EC0-301F-11D3-BF4B-00C04F79EFBC}") = "HelloServiceClient", "HelloServiceClient\HelloServiceClient.csproj", "{336E321C-F237-4610-B7DD-A4B7119170AD}"
EndProject
Global
	GlobalSection(SolutionConfigurationPlatforms) = preSolution
		Debug|Any CPU = Debug|Any CPU
		Release|Any CPU = Release|Any CPU
	EndGlobalSection
	GlobalSection(ProjectConfigurationPlatforms) = postSolution
		{46519A05-B1CC-48D7-8517-49BB12159613}.Debug|Any CPU.ActiveCfg = Debug|Any CPU
		{46519A05-B1CC-48D7-8517-49BB12159613}.Debug|Any CPU.Build.0 = Debug|Any CPU
		{46519A05-B1CC-48D7-8517-49BB12159613}.Release|Any CPU.ActiveCfg = Release|Any CPU
		{46519A05-B1CC-48D7-8517-49BB12159613}.Release|Any CPU.Build.0 = Release|Any CPU
		{336E321C-F237-4610-B7DD-A4B7119170AD}.Debug|Any CPU.ActiveCfg = Debug|Any CPU
		{336E321C-F237-4610-B7DD-A4B7119170AD}.Debug|Any CPU.Build.0 = Debug|Any CPU
		{336E321C-F237-4610-B7DD-A4B7119170AD}.Release|Any CPU.ActiveCfg = Release|Any CPU
		{336E321C-F237-4610-B7DD-A4B7119170AD}.Release|Any CPU.Build.0 = Release|Any CPU
	EndGlobalSection
	GlobalSection(SolutionProperties) = preSolution
		HideSolutionNode = FALSE
	EndGlobalSection
EndGlobal
